
Microsoft Visual Studio Solution File, Format Version 12.00
# Visual Studio Version 17
VisualStudioVersion = 17.8.34511.84
MinimumVisualStudioVersion = 10.0.40219.1
Project("{9A19103F-16F7-4668-BE54-9A1E7A4F7556}") = "BMI", "BMI\BMI.csproj", "{51BC46C9-574D-4B27-9EB8-0975CD6A9E2D}"
EndProject
Project("{FAE04EC0-301F-11D3-BF4B-00C04F79EFBC}") = "LayoutAndNavigation", "LayoutAndNavigation\LayoutAndNavigation.csproj", "{3A966549-26D3-41D2-BF05-FEDC15C1425B}"
EndProject
Global
	GlobalSection(SolutionConfigurationPlatforms) = preSolution
		Debug|Any CPU = Debug|Any CPU
		Release|Any CPU = Release|Any CPU
	EndGlobalSection
	GlobalSection(ProjectConfigurationPlatforms) = postSolution
		{51BC46C9-574D-4B27-9EB8-0975CD6A9E2D}.Debug|Any CPU.ActiveCfg = Debug|Any CPU
		{51BC46C9-574D-4B27-9EB8-0975CD6A9E2D}.Debug|Any CPU.Build.0 = Debug|Any CPU
		{51BC46C9-574D-4B27-9EB8-0975CD6A9E2D}.Debug|Any CPU.Deploy.0 = Debug|Any CPU
		{51BC46C9-574D-4B27-9EB8-0975CD6A9E2D}.Release|Any CPU.ActiveCfg = Release|Any CPU
		{51BC46C9-574D-4B27-9EB8-0975CD6A9E2D}.Release|Any CPU.Build.0 = Release|Any CPU
		{51BC46C9-574D-4B27-9EB8-0975CD6A9E2D}.Release|Any CPU.Deploy.0 = Release|Any CPU
		{3A966549-26D3-41D2-BF05-FEDC15C1425B}.Debug|Any CPU.ActiveCfg = Debug|Any CPU
		{3A966549-26D3-41D2-BF05-FEDC15C1425B}.Debug|Any CPU.Build.0 = Debug|Any CPU
		{3A966549-26D3-41D2-BF05-FEDC15C1425B}.Debug|Any CPU.Deploy.0 = Debug|Any CPU
		{3A966549-26D3-41D2-BF05-FEDC15C1425B}.Release|Any CPU.ActiveCfg = Release|Any CPU
		{3A966549-26D3-41D2-BF05-FEDC15C1425B}.Release|Any CPU.Build.0 = Release|Any CPU
		{3A966549-26D3-41D2-BF05-FEDC15C1425B}.Release|Any CPU.Deploy.0 = Release|Any CPU
	EndGlobalSection
	GlobalSection(SolutionProperties) = preSolution
		HideSolutionNode = FALSE
	EndGlobalSection
	GlobalSection(ExtensibilityGlobals) = postSolution
		SolutionGuid = {6F593820-4389-4220-8CFE-1B858144B301}
	EndGlobalSection
EndGlobal
