
Microsoft Visual Studio Solution File, Format Version 12.00
# Visual Studio Version 17
VisualStudioVersion = 17.3.32929.385
MinimumVisualStudioVersion = 10.0.40219.1
Project("{9A19103F-16F7-4668-BE54-9A1E7A4F7556}") = "Hue01_Csharp", "Hue01_Csharp\Hue01_Csharp.csproj", "{EF739494-79FA-4AAA-BEDD-DF85F6A2FAA3}"
EndProject
Project("{9A19103F-16F7-4668-BE54-9A1E7A4F7556}") = "Hue02", "..\..\Hue02\Hue02\Hue02.csproj", "{758B721E-0847-48AA-A371-B6F9A58EF005}"
EndProject
Project("{9A19103F-16F7-4668-BE54-9A1E7A4F7556}") = "HUE03", "..\..\Hue03\HUE03\HUE03.csproj", "{2A79E1E4-D664-49FD-AE95-F8069A11FD2F}"
EndProject
Project("{9A19103F-16F7-4668-BE54-9A1E7A4F7556}") = "Hue04", "..\..\Hue04\Hue04\Hue04.csproj", "{FC3D9031-8D58-418E-AA36-76E4DEE719F1}"
EndProject
Global
	GlobalSection(SolutionConfigurationPlatforms) = preSolution
		Debug|Any CPU = Debug|Any CPU
		Release|Any CPU = Release|Any CPU
	EndGlobalSection
	GlobalSection(ProjectConfigurationPlatforms) = postSolution
		{EF739494-79FA-4AAA-BEDD-DF85F6A2FAA3}.Debug|Any CPU.ActiveCfg = Debug|Any CPU
		{EF739494-79FA-4AAA-BEDD-DF85F6A2FAA3}.Debug|Any CPU.Build.0 = Debug|Any CPU
		{EF739494-79FA-4AAA-BEDD-DF85F6A2FAA3}.Release|Any CPU.ActiveCfg = Release|Any CPU
		{EF739494-79FA-4AAA-BEDD-DF85F6A2FAA3}.Release|Any CPU.Build.0 = Release|Any CPU
		{758B721E-0847-48AA-A371-B6F9A58EF005}.Debug|Any CPU.ActiveCfg = Debug|Any CPU
		{758B721E-0847-48AA-A371-B6F9A58EF005}.Debug|Any CPU.Build.0 = Debug|Any CPU
		{758B721E-0847-48AA-A371-B6F9A58EF005}.Release|Any CPU.ActiveCfg = Release|Any CPU
		{758B721E-0847-48AA-A371-B6F9A58EF005}.Release|Any CPU.Build.0 = Release|Any CPU
		{2A79E1E4-D664-49FD-AE95-F8069A11FD2F}.Debug|Any CPU.ActiveCfg = Debug|Any CPU
		{2A79E1E4-D664-49FD-AE95-F8069A11FD2F}.Debug|Any CPU.Build.0 = Debug|Any CPU
		{2A79E1E4-D664-49FD-AE95-F8069A11FD2F}.Release|Any CPU.ActiveCfg = Release|Any CPU
		{2A79E1E4-D664-49FD-AE95-F8069A11FD2F}.Release|Any CPU.Build.0 = Release|Any CPU
		{FC3D9031-8D58-418E-AA36-76E4DEE719F1}.Debug|Any CPU.ActiveCfg = Debug|Any CPU
		{FC3D9031-8D58-418E-AA36-76E4DEE719F1}.Debug|Any CPU.Build.0 = Debug|Any CPU
		{FC3D9031-8D58-418E-AA36-76E4DEE719F1}.Release|Any CPU.ActiveCfg = Release|Any CPU
		{FC3D9031-8D58-418E-AA36-76E4DEE719F1}.Release|Any CPU.Build.0 = Release|Any CPU
	EndGlobalSection
	GlobalSection(SolutionProperties) = preSolution
		HideSolutionNode = FALSE
	EndGlobalSection
	GlobalSection(ExtensibilityGlobals) = postSolution
		SolutionGuid = {A370D7F9-F264-4C2A-B04F-9BAEB2449BD8}
	EndGlobalSection
EndGlobal
