
Microsoft Visual Studio Solution File, Format Version 12.00
# Visual Studio Version 17
VisualStudioVersion = 17.3.32825.248
MinimumVisualStudioVersion = 10.0.40219.1
Project("{9A19103F-16F7-4668-BE54-9A1E7A4F7556}") = "00_Test", "00Test\00_Test.csproj", "{9646F8FF-F485-4DC5-811A-09322A9EC690}"
EndProject
Project("{9A19103F-16F7-4668-BE54-9A1E7A4F7556}") = "02_CallByValueCallByReference", "02_CallByValueCallByReference\02_CallByValueCallByReference.csproj", "{88C2658A-45EF-434E-90A9-89BF6C1C0C52}"
EndProject
Project("{9A19103F-16F7-4668-BE54-9A1E7A4F7556}") = "03_TryParse", "03TryParse\03_TryParse.csproj", "{BF616E7F-D245-414F-A6EA-1B04E41E901E}"
EndProject
Project("{9A19103F-16F7-4668-BE54-9A1E7A4F7556}") = "04_Enums", "04_Enums\04_Enums.csproj", "{569A8FEE-54BD-443D-814A-6CC480D2A15E}"
EndProject
Project("{9A19103F-16F7-4668-BE54-9A1E7A4F7556}") = "05_Delegates", "05Delegates\05_Delegates.csproj", "{AE23E866-35B9-4C41-90C3-A280B02BFF58}"
EndProject
Project("{9A19103F-16F7-4668-BE54-9A1E7A4F7556}") = "06_Events", "06_Events\06_Events.csproj", "{DFB3A0B9-7BFE-414C-AEDE-2CF0C7D945FD}"
EndProject
Project("{9A19103F-16F7-4668-BE54-9A1E7A4F7556}") = "Uebung01", "Uebung01\Uebung01.csproj", "{1BAC8B2F-A8F3-4B2E-BD68-0B00D853B448}"
EndProject
Project("{9A19103F-16F7-4668-BE54-9A1E7A4F7556}") = "Uebung02", "Uebung02\Uebung02.csproj", "{931DC7D0-28D0-4882-A848-EE5C27F17BAE}"
EndProject
Project("{2150E333-8FDC-42A3-9474-1A3956D46DE8}") = "Test1", "Test1", "{1A537566-50F7-4454-9302-EF3D95CF8BCA}"
EndProject
Project("{2150E333-8FDC-42A3-9474-1A3956D46DE8}") = "Test1_Uebung", "Test1_Uebung", "{60AACBDC-C4AB-4BB5-9F79-33E96FF50F30}"
EndProject
Project("{9A19103F-16F7-4668-BE54-9A1E7A4F7556}") = "Tageslaenge_1_1", "Tageslaenge_1_1\Tageslaenge_1_1.csproj", "{A805019F-8B6A-4FB3-8079-3F8117447007}"
EndProject
Project("{9A19103F-16F7-4668-BE54-9A1E7A4F7556}") = "MutatedVowel_1_2", "MutatedVowel_1_2\MutatedVowel_1_2.csproj", "{F732300C-BC14-4AF0-863D-713052E66B88}"
EndProject
Project("{9A19103F-16F7-4668-BE54-9A1E7A4F7556}") = "01_NullableDatatypes", "01_NullableDatatypes\01_NullableDatatypes.csproj", "{9B18F3F7-48B7-4157-BDC9-F66EF694204D}"
EndProject
Project("{9A19103F-16F7-4668-BE54-9A1E7A4F7556}") = "07_FuncAction", "07_FuncAction\07_FuncAction.csproj", "{8F2A160D-10CF-4B17-88D6-93D249D676C3}"
EndProject
Project("{9A19103F-16F7-4668-BE54-9A1E7A4F7556}") = "08_LambdaExpression", "08_LambdaExpression\08_LambdaExpression.csproj", "{F4D791E0-F2F3-4299-A98A-1C9F7D0D332A}"
EndProject
Project("{9A19103F-16F7-4668-BE54-9A1E7A4F7556}") = "09_TimerWithLambda", "09_TimerWithLambda\09_TimerWithLambda.csproj", "{6B62317B-9C3F-43D4-8308-07FE58643FE5}"
EndProject
Project("{9A19103F-16F7-4668-BE54-9A1E7A4F7556}") = "10_Interfaces", "10_Interfaces\10_Interfaces.csproj", "{00BDFD4C-53C0-4288-9919-B56C886BB396}"
EndProject
Project("{9A19103F-16F7-4668-BE54-9A1E7A4F7556}") = "11_IComparable", "11_IComparable\11_IComparable.csproj", "{A842B562-86AE-4C02-8300-AA1E108F1EDB}"
EndProject
Project("{9A19103F-16F7-4668-BE54-9A1E7A4F7556}") = "12_DownloadClient", "12_DownloadClient\12_DownloadClient.csproj", "{72392CE5-F8DF-4000-B9EC-7CFD4BC191B5}"
EndProject
Project("{9A19103F-16F7-4668-BE54-9A1E7A4F7556}") = "13_FirstWebApp", "13_FirstWebApp\13_FirstWebApp.csproj", "{8E53BEBE-3D97-49CF-A322-9E0E5233B0F1}"
EndProject
Project("{2150E333-8FDC-42A3-9474-1A3956D46DE8}") = "Test2", "Test2", "{255D37CC-4C73-4B79-B642-F0C605EFDA16}"
EndProject
Project("{9A19103F-16F7-4668-BE54-9A1E7A4F7556}") = "IShape_2_1", "IShape_2_1\IShape_2_1.csproj", "{55408D5E-35B3-4E02-BC28-A40AB8163BBD}"
EndProject
Project("{9A19103F-16F7-4668-BE54-9A1E7A4F7556}") = "PrimeNumbers_2_2", "PrimeNumbers_2_2\PrimeNumbers_2_2.csproj", "{CEE29FAB-CA0A-4A93-B9D3-A1D83B6D3BB0}"
EndProject
Project("{9A19103F-16F7-4668-BE54-9A1E7A4F7556}") = "00_Async", "00_Async\00_Async.csproj", "{2DECFD18-48A0-4FCB-9D2E-0C7C7FC2E31B}"
EndProject
Project("{2150E333-8FDC-42A3-9474-1A3956D46DE8}") = "Test2_2", "Test2_2", "{177936AD-38A4-465C-B6B8-19302754D43F}"
EndProject
Project("{9A19103F-16F7-4668-BE54-9A1E7A4F7556}") = "IArticle_2_1", "Bsp1\IArticle_2_1.csproj", "{1EA868AE-541C-4A73-9891-BCF5B10B30A4}"
EndProject
Project("{9A19103F-16F7-4668-BE54-9A1E7A4F7556}") = "PrimeFactors_2_2", "Bsp2\PrimeFactors_2_2.csproj", "{93266C9E-BA17-4282-8062-705354B3989C}"
EndProject
Project("{9A19103F-16F7-4668-BE54-9A1E7A4F7556}") = "14_SecondWebApp", "14_SecondWebApp\14_SecondWebApp.csproj", "{55102445-A5BA-4780-B730-61612A0CF793}"
EndProject
Project("{FAE04EC0-301F-11D3-BF4B-00C04F79EFBC}") = "15_FirstWebAppMVC", "15_FirstWebAppMVC\15_FirstWebAppMVC.csproj", "{9B71F67F-9615-4A0F-ACE7-3D3F01284DB0}"
EndProject
Global
	GlobalSection(SolutionConfigurationPlatforms) = preSolution
		Debug|Any CPU = Debug|Any CPU
		Release|Any CPU = Release|Any CPU
	EndGlobalSection
	GlobalSection(ProjectConfigurationPlatforms) = postSolution
		{9646F8FF-F485-4DC5-811A-09322A9EC690}.Debug|Any CPU.ActiveCfg = Debug|Any CPU
		{9646F8FF-F485-4DC5-811A-09322A9EC690}.Debug|Any CPU.Build.0 = Debug|Any CPU
		{9646F8FF-F485-4DC5-811A-09322A9EC690}.Release|Any CPU.ActiveCfg = Release|Any CPU
		{9646F8FF-F485-4DC5-811A-09322A9EC690}.Release|Any CPU.Build.0 = Release|Any CPU
		{88C2658A-45EF-434E-90A9-89BF6C1C0C52}.Debug|Any CPU.ActiveCfg = Debug|Any CPU
		{88C2658A-45EF-434E-90A9-89BF6C1C0C52}.Debug|Any CPU.Build.0 = Debug|Any CPU
		{88C2658A-45EF-434E-90A9-89BF6C1C0C52}.Release|Any CPU.ActiveCfg = Release|Any CPU
		{88C2658A-45EF-434E-90A9-89BF6C1C0C52}.Release|Any CPU.Build.0 = Release|Any CPU
		{BF616E7F-D245-414F-A6EA-1B04E41E901E}.Debug|Any CPU.ActiveCfg = Debug|Any CPU
		{BF616E7F-D245-414F-A6EA-1B04E41E901E}.Debug|Any CPU.Build.0 = Debug|Any CPU
		{BF616E7F-D245-414F-A6EA-1B04E41E901E}.Release|Any CPU.ActiveCfg = Release|Any CPU
		{BF616E7F-D245-414F-A6EA-1B04E41E901E}.Release|Any CPU.Build.0 = Release|Any CPU
		{569A8FEE-54BD-443D-814A-6CC480D2A15E}.Debug|Any CPU.ActiveCfg = Debug|Any CPU
		{569A8FEE-54BD-443D-814A-6CC480D2A15E}.Debug|Any CPU.Build.0 = Debug|Any CPU
		{569A8FEE-54BD-443D-814A-6CC480D2A15E}.Release|Any CPU.ActiveCfg = Release|Any CPU
		{569A8FEE-54BD-443D-814A-6CC480D2A15E}.Release|Any CPU.Build.0 = Release|Any CPU
		{AE23E866-35B9-4C41-90C3-A280B02BFF58}.Debug|Any CPU.ActiveCfg = Debug|Any CPU
		{AE23E866-35B9-4C41-90C3-A280B02BFF58}.Debug|Any CPU.Build.0 = Debug|Any CPU
		{AE23E866-35B9-4C41-90C3-A280B02BFF58}.Release|Any CPU.ActiveCfg = Release|Any CPU
		{AE23E866-35B9-4C41-90C3-A280B02BFF58}.Release|Any CPU.Build.0 = Release|Any CPU
		{DFB3A0B9-7BFE-414C-AEDE-2CF0C7D945FD}.Debug|Any CPU.ActiveCfg = Debug|Any CPU
		{DFB3A0B9-7BFE-414C-AEDE-2CF0C7D945FD}.Debug|Any CPU.Build.0 = Debug|Any CPU
		{DFB3A0B9-7BFE-414C-AEDE-2CF0C7D945FD}.Release|Any CPU.ActiveCfg = Release|Any CPU
		{DFB3A0B9-7BFE-414C-AEDE-2CF0C7D945FD}.Release|Any CPU.Build.0 = Release|Any CPU
		{1BAC8B2F-A8F3-4B2E-BD68-0B00D853B448}.Debug|Any CPU.ActiveCfg = Debug|Any CPU
		{1BAC8B2F-A8F3-4B2E-BD68-0B00D853B448}.Debug|Any CPU.Build.0 = Debug|Any CPU
		{1BAC8B2F-A8F3-4B2E-BD68-0B00D853B448}.Release|Any CPU.ActiveCfg = Release|Any CPU
		{1BAC8B2F-A8F3-4B2E-BD68-0B00D853B448}.Release|Any CPU.Build.0 = Release|Any CPU
		{931DC7D0-28D0-4882-A848-EE5C27F17BAE}.Debug|Any CPU.ActiveCfg = Debug|Any CPU
		{931DC7D0-28D0-4882-A848-EE5C27F17BAE}.Debug|Any CPU.Build.0 = Debug|Any CPU
		{931DC7D0-28D0-4882-A848-EE5C27F17BAE}.Release|Any CPU.ActiveCfg = Release|Any CPU
		{931DC7D0-28D0-4882-A848-EE5C27F17BAE}.Release|Any CPU.Build.0 = Release|Any CPU
		{A805019F-8B6A-4FB3-8079-3F8117447007}.Debug|Any CPU.ActiveCfg = Debug|Any CPU
		{A805019F-8B6A-4FB3-8079-3F8117447007}.Debug|Any CPU.Build.0 = Debug|Any CPU
		{A805019F-8B6A-4FB3-8079-3F8117447007}.Release|Any CPU.ActiveCfg = Release|Any CPU
		{A805019F-8B6A-4FB3-8079-3F8117447007}.Release|Any CPU.Build.0 = Release|Any CPU
		{F732300C-BC14-4AF0-863D-713052E66B88}.Debug|Any CPU.ActiveCfg = Debug|Any CPU
		{F732300C-BC14-4AF0-863D-713052E66B88}.Debug|Any CPU.Build.0 = Debug|Any CPU
		{F732300C-BC14-4AF0-863D-713052E66B88}.Release|Any CPU.ActiveCfg = Release|Any CPU
		{F732300C-BC14-4AF0-863D-713052E66B88}.Release|Any CPU.Build.0 = Release|Any CPU
		{9B18F3F7-48B7-4157-BDC9-F66EF694204D}.Debug|Any CPU.ActiveCfg = Debug|Any CPU
		{9B18F3F7-48B7-4157-BDC9-F66EF694204D}.Debug|Any CPU.Build.0 = Debug|Any CPU
		{9B18F3F7-48B7-4157-BDC9-F66EF694204D}.Release|Any CPU.ActiveCfg = Release|Any CPU
		{9B18F3F7-48B7-4157-BDC9-F66EF694204D}.Release|Any CPU.Build.0 = Release|Any CPU
		{8F2A160D-10CF-4B17-88D6-93D249D676C3}.Debug|Any CPU.ActiveCfg = Debug|Any CPU
		{8F2A160D-10CF-4B17-88D6-93D249D676C3}.Debug|Any CPU.Build.0 = Debug|Any CPU
		{8F2A160D-10CF-4B17-88D6-93D249D676C3}.Release|Any CPU.ActiveCfg = Release|Any CPU
		{8F2A160D-10CF-4B17-88D6-93D249D676C3}.Release|Any CPU.Build.0 = Release|Any CPU
		{F4D791E0-F2F3-4299-A98A-1C9F7D0D332A}.Debug|Any CPU.ActiveCfg = Debug|Any CPU
		{F4D791E0-F2F3-4299-A98A-1C9F7D0D332A}.Debug|Any CPU.Build.0 = Debug|Any CPU
		{F4D791E0-F2F3-4299-A98A-1C9F7D0D332A}.Release|Any CPU.ActiveCfg = Release|Any CPU
		{F4D791E0-F2F3-4299-A98A-1C9F7D0D332A}.Release|Any CPU.Build.0 = Release|Any CPU
		{6B62317B-9C3F-43D4-8308-07FE58643FE5}.Debug|Any CPU.ActiveCfg = Debug|Any CPU
		{6B62317B-9C3F-43D4-8308-07FE58643FE5}.Debug|Any CPU.Build.0 = Debug|Any CPU
		{6B62317B-9C3F-43D4-8308-07FE58643FE5}.Release|Any CPU.ActiveCfg = Release|Any CPU
		{6B62317B-9C3F-43D4-8308-07FE58643FE5}.Release|Any CPU.Build.0 = Release|Any CPU
		{00BDFD4C-53C0-4288-9919-B56C886BB396}.Debug|Any CPU.ActiveCfg = Debug|Any CPU
		{00BDFD4C-53C0-4288-9919-B56C886BB396}.Debug|Any CPU.Build.0 = Debug|Any CPU
		{00BDFD4C-53C0-4288-9919-B56C886BB396}.Release|Any CPU.ActiveCfg = Release|Any CPU
		{00BDFD4C-53C0-4288-9919-B56C886BB396}.Release|Any CPU.Build.0 = Release|Any CPU
		{A842B562-86AE-4C02-8300-AA1E108F1EDB}.Debug|Any CPU.ActiveCfg = Debug|Any CPU
		{A842B562-86AE-4C02-8300-AA1E108F1EDB}.Debug|Any CPU.Build.0 = Debug|Any CPU
		{A842B562-86AE-4C02-8300-AA1E108F1EDB}.Release|Any CPU.ActiveCfg = Release|Any CPU
		{A842B562-86AE-4C02-8300-AA1E108F1EDB}.Release|Any CPU.Build.0 = Release|Any CPU
		{72392CE5-F8DF-4000-B9EC-7CFD4BC191B5}.Debug|Any CPU.ActiveCfg = Debug|Any CPU
		{72392CE5-F8DF-4000-B9EC-7CFD4BC191B5}.Debug|Any CPU.Build.0 = Debug|Any CPU
		{72392CE5-F8DF-4000-B9EC-7CFD4BC191B5}.Release|Any CPU.ActiveCfg = Release|Any CPU
		{72392CE5-F8DF-4000-B9EC-7CFD4BC191B5}.Release|Any CPU.Build.0 = Release|Any CPU
		{8E53BEBE-3D97-49CF-A322-9E0E5233B0F1}.Debug|Any CPU.ActiveCfg = Debug|Any CPU
		{8E53BEBE-3D97-49CF-A322-9E0E5233B0F1}.Debug|Any CPU.Build.0 = Debug|Any CPU
		{8E53BEBE-3D97-49CF-A322-9E0E5233B0F1}.Release|Any CPU.ActiveCfg = Release|Any CPU
		{8E53BEBE-3D97-49CF-A322-9E0E5233B0F1}.Release|Any CPU.Build.0 = Release|Any CPU
		{55408D5E-35B3-4E02-BC28-A40AB8163BBD}.Debug|Any CPU.ActiveCfg = Debug|Any CPU
		{55408D5E-35B3-4E02-BC28-A40AB8163BBD}.Debug|Any CPU.Build.0 = Debug|Any CPU
		{55408D5E-35B3-4E02-BC28-A40AB8163BBD}.Release|Any CPU.ActiveCfg = Release|Any CPU
		{55408D5E-35B3-4E02-BC28-A40AB8163BBD}.Release|Any CPU.Build.0 = Release|Any CPU
		{CEE29FAB-CA0A-4A93-B9D3-A1D83B6D3BB0}.Debug|Any CPU.ActiveCfg = Debug|Any CPU
		{CEE29FAB-CA0A-4A93-B9D3-A1D83B6D3BB0}.Debug|Any CPU.Build.0 = Debug|Any CPU
		{CEE29FAB-CA0A-4A93-B9D3-A1D83B6D3BB0}.Release|Any CPU.ActiveCfg = Release|Any CPU
		{CEE29FAB-CA0A-4A93-B9D3-A1D83B6D3BB0}.Release|Any CPU.Build.0 = Release|Any CPU
		{2DECFD18-48A0-4FCB-9D2E-0C7C7FC2E31B}.Debug|Any CPU.ActiveCfg = Debug|Any CPU
		{2DECFD18-48A0-4FCB-9D2E-0C7C7FC2E31B}.Debug|Any CPU.Build.0 = Debug|Any CPU
		{2DECFD18-48A0-4FCB-9D2E-0C7C7FC2E31B}.Release|Any CPU.ActiveCfg = Release|Any CPU
		{2DECFD18-48A0-4FCB-9D2E-0C7C7FC2E31B}.Release|Any CPU.Build.0 = Release|Any CPU
		{1EA868AE-541C-4A73-9891-BCF5B10B30A4}.Debug|Any CPU.ActiveCfg = Debug|Any CPU
		{1EA868AE-541C-4A73-9891-BCF5B10B30A4}.Debug|Any CPU.Build.0 = Debug|Any CPU
		{1EA868AE-541C-4A73-9891-BCF5B10B30A4}.Release|Any CPU.ActiveCfg = Release|Any CPU
		{1EA868AE-541C-4A73-9891-BCF5B10B30A4}.Release|Any CPU.Build.0 = Release|Any CPU
		{93266C9E-BA17-4282-8062-705354B3989C}.Debug|Any CPU.ActiveCfg = Debug|Any CPU
		{93266C9E-BA17-4282-8062-705354B3989C}.Debug|Any CPU.Build.0 = Debug|Any CPU
		{93266C9E-BA17-4282-8062-705354B3989C}.Release|Any CPU.ActiveCfg = Release|Any CPU
		{93266C9E-BA17-4282-8062-705354B3989C}.Release|Any CPU.Build.0 = Release|Any CPU
		{55102445-A5BA-4780-B730-61612A0CF793}.Debug|Any CPU.ActiveCfg = Debug|Any CPU
		{55102445-A5BA-4780-B730-61612A0CF793}.Debug|Any CPU.Build.0 = Debug|Any CPU
		{55102445-A5BA-4780-B730-61612A0CF793}.Release|Any CPU.ActiveCfg = Release|Any CPU
		{55102445-A5BA-4780-B730-61612A0CF793}.Release|Any CPU.Build.0 = Release|Any CPU
		{9B71F67F-9615-4A0F-ACE7-3D3F01284DB0}.Debug|Any CPU.ActiveCfg = Debug|Any CPU
		{9B71F67F-9615-4A0F-ACE7-3D3F01284DB0}.Debug|Any CPU.Build.0 = Debug|Any CPU
		{9B71F67F-9615-4A0F-ACE7-3D3F01284DB0}.Release|Any CPU.ActiveCfg = Release|Any CPU
		{9B71F67F-9615-4A0F-ACE7-3D3F01284DB0}.Release|Any CPU.Build.0 = Release|Any CPU
	EndGlobalSection
	GlobalSection(SolutionProperties) = preSolution
		HideSolutionNode = FALSE
	EndGlobalSection
	GlobalSection(NestedProjects) = preSolution
		{1BAC8B2F-A8F3-4B2E-BD68-0B00D853B448} = {60AACBDC-C4AB-4BB5-9F79-33E96FF50F30}
		{931DC7D0-28D0-4882-A848-EE5C27F17BAE} = {60AACBDC-C4AB-4BB5-9F79-33E96FF50F30}
		{A805019F-8B6A-4FB3-8079-3F8117447007} = {1A537566-50F7-4454-9302-EF3D95CF8BCA}
		{F732300C-BC14-4AF0-863D-713052E66B88} = {1A537566-50F7-4454-9302-EF3D95CF8BCA}
		{55408D5E-35B3-4E02-BC28-A40AB8163BBD} = {255D37CC-4C73-4B79-B642-F0C605EFDA16}
		{CEE29FAB-CA0A-4A93-B9D3-A1D83B6D3BB0} = {255D37CC-4C73-4B79-B642-F0C605EFDA16}
		{1EA868AE-541C-4A73-9891-BCF5B10B30A4} = {177936AD-38A4-465C-B6B8-19302754D43F}
		{93266C9E-BA17-4282-8062-705354B3989C} = {177936AD-38A4-465C-B6B8-19302754D43F}
	EndGlobalSection
	GlobalSection(ExtensibilityGlobals) = postSolution
		SolutionGuid = {922582F4-BF09-4D2D-BF4D-3189A207658C}
	EndGlobalSection
EndGlobal
