
Microsoft Visual Studio Solution File, Format Version 12.00
# Visual Studio Version 17
VisualStudioVersion = 17.3.32825.248
MinimumVisualStudioVersion = 10.0.40219.1
Project("{FAE04EC0-301F-11D3-BF4B-00C04F79EFBC}") = "01_NullableDatatypes", "01_NullableDatatypes\01_NullableDatatypes.csproj", "{91DBC563-DE6E-44CA-B8A9-40761D461F79}"
EndProject
Global
	GlobalSection(SolutionConfigurationPlatforms) = preSolution
		Debug|Any CPU = Debug|Any CPU
		Release|Any CPU = Release|Any CPU
	EndGlobalSection
	GlobalSection(ProjectConfigurationPlatforms) = postSolution
		{91DBC563-DE6E-44CA-B8A9-40761D461F79}.Debug|Any CPU.ActiveCfg = Debug|Any CPU
		{91DBC563-DE6E-44CA-B8A9-40761D461F79}.Debug|Any CPU.Build.0 = Debug|Any CPU
		{91DBC563-DE6E-44CA-B8A9-40761D461F79}.Release|Any CPU.ActiveCfg = Release|Any CPU
		{91DBC563-DE6E-44CA-B8A9-40761D461F79}.Release|Any CPU.Build.0 = Release|Any CPU
	EndGlobalSection
	GlobalSection(SolutionProperties) = preSolution
		HideSolutionNode = FALSE
	EndGlobalSection
	GlobalSection(ExtensibilityGlobals) = postSolution
		SolutionGuid = {7BCA2319-A236-474D-A122-B8621171634F}
	EndGlobalSection
EndGlobal
