
Microsoft Visual Studio Solution File, Format Version 12.00
# Visual Studio Version 17
VisualStudioVersion = 17.3.32825.248
MinimumVisualStudioVersion = 10.0.40219.1
Project("{9A19103F-16F7-4668-BE54-9A1E7A4F7556}") = "00Test", "00Test\00Test.csproj", "{9646F8FF-F485-4DC5-811A-09322A9EC690}"
EndProject
Project("{9A19103F-16F7-4668-BE54-9A1E7A4F7556}") = "01_NullableDatatypes", "..\01_NullableDatatypes\01_NullableDatatypes\01_NullableDatatypes.csproj", "{AE2430C0-FD43-4ACF-BC02-C034A0BFF40E}"
EndProject
Global
	GlobalSection(SolutionConfigurationPlatforms) = preSolution
		Debug|Any CPU = Debug|Any CPU
		Release|Any CPU = Release|Any CPU
	EndGlobalSection
	GlobalSection(ProjectConfigurationPlatforms) = postSolution
		{9646F8FF-F485-4DC5-811A-09322A9EC690}.Debug|Any CPU.ActiveCfg = Debug|Any CPU
		{9646F8FF-F485-4DC5-811A-09322A9EC690}.Debug|Any CPU.Build.0 = Debug|Any CPU
		{9646F8FF-F485-4DC5-811A-09322A9EC690}.Release|Any CPU.ActiveCfg = Release|Any CPU
		{9646F8FF-F485-4DC5-811A-09322A9EC690}.Release|Any CPU.Build.0 = Release|Any CPU
		{AE2430C0-FD43-4ACF-BC02-C034A0BFF40E}.Debug|Any CPU.ActiveCfg = Debug|Any CPU
		{AE2430C0-FD43-4ACF-BC02-C034A0BFF40E}.Debug|Any CPU.Build.0 = Debug|Any CPU
		{AE2430C0-FD43-4ACF-BC02-C034A0BFF40E}.Release|Any CPU.ActiveCfg = Release|Any CPU
		{AE2430C0-FD43-4ACF-BC02-C034A0BFF40E}.Release|Any CPU.Build.0 = Release|Any CPU
	EndGlobalSection
	GlobalSection(SolutionProperties) = preSolution
		HideSolutionNode = FALSE
	EndGlobalSection
	GlobalSection(ExtensibilityGlobals) = postSolution
		SolutionGuid = {922582F4-BF09-4D2D-BF4D-3189A207658C}
	EndGlobalSection
EndGlobal
